
Microsoft Visual Studio Solution File, Format Version 12.00
# Visual Studio 15
VisualStudioVersion = 15.0.25807.0
MinimumVisualStudioVersion = 10.0.40219.1
Project("{2150E333-8FDC-42A3-9474-1A3956D46DE8}") = "Engine", "Engine", "{0F3B39BB-B551-4D9C-8AE1-53630A7DB94D}"
EndProject
Project("{2150E333-8FDC-42A3-9474-1A3956D46DE8}") = "Games", "Games", "{6AC7B224-4D9B-4080-954C-78CB3B3C18D7}"
EndProject
Project("{8BC9CEB8-8B4A-11D0-8D11-00A0C91BC942}") = "Parkour_Project", "Intermediate\ProjectFiles\Parkour_Project.vcxproj", "{E66DBBF7-29DE-40E0-B593-CB5C2B599837}"
EndProject
Project("{8BC9CEB8-8B4A-11D0-8D11-00A0C91BC942}") = "UE4", "Intermediate\ProjectFiles\UE4.vcxproj", "{1ECB2AB3-CD99-4EC7-8054-7FCD0880AD1A}"
EndProject
Project("{2150E333-8FDC-42A3-9474-1A3956D46DE8}") = "Visualizers", "Visualizers", "{55F8B68C-282D-4C47-9997-D2FD316286F0}"
	ProjectSection(SolutionItems) = preProject
		..\UE_4.22\Engine\Extras\VisualStudioDebugging\UE4.natvis = ..\UE_4.22\Engine\Extras\VisualStudioDebugging\UE4.natvis
	EndProjectSection
EndProject
Global
	GlobalSection(SolutionConfigurationPlatforms) = preSolution
		DebugGame Editor|HTML5 = DebugGame Editor|HTML5
		DebugGame Editor|IOS = DebugGame Editor|IOS
		DebugGame Editor|Win32 = DebugGame Editor|Win32
		DebugGame Editor|Win64 = DebugGame Editor|Win64
		DebugGame|HTML5 = DebugGame|HTML5
		DebugGame|IOS = DebugGame|IOS
		DebugGame|Win32 = DebugGame|Win32
		DebugGame|Win64 = DebugGame|Win64
		Development Editor|HTML5 = Development Editor|HTML5
		Development Editor|IOS = Development Editor|IOS
		Development Editor|Win32 = Development Editor|Win32
		Development Editor|Win64 = Development Editor|Win64
		Development|HTML5 = Development|HTML5
		Development|IOS = Development|IOS
		Development|Win32 = Development|Win32
		Development|Win64 = Development|Win64
		Shipping|HTML5 = Shipping|HTML5
		Shipping|IOS = Shipping|IOS
		Shipping|Win32 = Shipping|Win32
		Shipping|Win64 = Shipping|Win64
	EndGlobalSection
	GlobalSection(ProjectConfigurationPlatforms) = postSolution
		{E66DBBF7-29DE-40E0-B593-CB5C2B599837}.DebugGame Editor|HTML5.ActiveCfg = Invalid|Win32
		{E66DBBF7-29DE-40E0-B593-CB5C2B599837}.DebugGame Editor|IOS.ActiveCfg = Invalid|Win32
		{E66DBBF7-29DE-40E0-B593-CB5C2B599837}.DebugGame Editor|Win32.ActiveCfg = Invalid|Win32
		{E66DBBF7-29DE-40E0-B593-CB5C2B599837}.DebugGame Editor|Win64.ActiveCfg = DebugGame_Editor|x64
		{E66DBBF7-29DE-40E0-B593-CB5C2B599837}.DebugGame Editor|Win64.Build.0 = DebugGame_Editor|x64
		{E66DBBF7-29DE-40E0-B593-CB5C2B599837}.DebugGame|HTML5.ActiveCfg = HTML5_DebugGame|Win32
		{E66DBBF7-29DE-40E0-B593-CB5C2B599837}.DebugGame|HTML5.Build.0 = HTML5_DebugGame|Win32
		{E66DBBF7-29DE-40E0-B593-CB5C2B599837}.DebugGame|IOS.ActiveCfg = IOS_DebugGame|Win32
		{E66DBBF7-29DE-40E0-B593-CB5C2B599837}.DebugGame|IOS.Build.0 = IOS_DebugGame|Win32
		{E66DBBF7-29DE-40E0-B593-CB5C2B599837}.DebugGame|Win32.ActiveCfg = DebugGame|Win32
		{E66DBBF7-29DE-40E0-B593-CB5C2B599837}.DebugGame|Win32.Build.0 = DebugGame|Win32
		{E66DBBF7-29DE-40E0-B593-CB5C2B599837}.DebugGame|Win64.ActiveCfg = DebugGame|x64
		{E66DBBF7-29DE-40E0-B593-CB5C2B599837}.DebugGame|Win64.Build.0 = DebugGame|x64
		{E66DBBF7-29DE-40E0-B593-CB5C2B599837}.Development Editor|HTML5.ActiveCfg = Invalid|Win32
		{E66DBBF7-29DE-40E0-B593-CB5C2B599837}.Development Editor|IOS.ActiveCfg = Invalid|Win32
		{E66DBBF7-29DE-40E0-B593-CB5C2B599837}.Development Editor|Win32.ActiveCfg = Invalid|Win32
		{E66DBBF7-29DE-40E0-B593-CB5C2B599837}.Development Editor|Win64.ActiveCfg = Development_Editor|x64
		{E66DBBF7-29DE-40E0-B593-CB5C2B599837}.Development Editor|Win64.Build.0 = Development_Editor|x64
		{E66DBBF7-29DE-40E0-B593-CB5C2B599837}.Development|HTML5.ActiveCfg = HTML5_Development|Win32
		{E66DBBF7-29DE-40E0-B593-CB5C2B599837}.Development|HTML5.Build.0 = HTML5_Development|Win32
		{E66DBBF7-29DE-40E0-B593-CB5C2B599837}.Development|IOS.ActiveCfg = IOS_Development|Win32
		{E66DBBF7-29DE-40E0-B593-CB5C2B599837}.Development|IOS.Build.0 = IOS_Development|Win32
		{E66DBBF7-29DE-40E0-B593-CB5C2B599837}.Development|Win32.ActiveCfg = Development|Win32
		{E66DBBF7-29DE-40E0-B593-CB5C2B599837}.Development|Win32.Build.0 = Development|Win32
		{E66DBBF7-29DE-40E0-B593-CB5C2B599837}.Development|Win64.ActiveCfg = Development|x64
		{E66DBBF7-29DE-40E0-B593-CB5C2B599837}.Development|Win64.Build.0 = Development|x64
		{E66DBBF7-29DE-40E0-B593-CB5C2B599837}.Shipping|HTML5.ActiveCfg = HTML5_Shipping|Win32
		{E66DBBF7-29DE-40E0-B593-CB5C2B599837}.Shipping|HTML5.Build.0 = HTML5_Shipping|Win32
		{E66DBBF7-29DE-40E0-B593-CB5C2B599837}.Shipping|IOS.ActiveCfg = IOS_Shipping|Win32
		{E66DBBF7-29DE-40E0-B593-CB5C2B599837}.Shipping|IOS.Build.0 = IOS_Shipping|Win32
		{E66DBBF7-29DE-40E0-B593-CB5C2B599837}.Shipping|Win32.ActiveCfg = Shipping|Win32
		{E66DBBF7-29DE-40E0-B593-CB5C2B599837}.Shipping|Win32.Build.0 = Shipping|Win32
		{E66DBBF7-29DE-40E0-B593-CB5C2B599837}.Shipping|Win64.ActiveCfg = Shipping|x64
		{E66DBBF7-29DE-40E0-B593-CB5C2B599837}.Shipping|Win64.Build.0 = Shipping|x64
		{1ECB2AB3-CD99-4EC7-8054-7FCD0880AD1A}.DebugGame Editor|HTML5.ActiveCfg = BuiltWithUnrealBuildTool|Win32
		{1ECB2AB3-CD99-4EC7-8054-7FCD0880AD1A}.DebugGame Editor|IOS.ActiveCfg = BuiltWithUnrealBuildTool|Win32
		{1ECB2AB3-CD99-4EC7-8054-7FCD0880AD1A}.DebugGame Editor|Win32.ActiveCfg = BuiltWithUnrealBuildTool|Win32
		{1ECB2AB3-CD99-4EC7-8054-7FCD0880AD1A}.DebugGame Editor|Win64.ActiveCfg = BuiltWithUnrealBuildTool|Win32
		{1ECB2AB3-CD99-4EC7-8054-7FCD0880AD1A}.DebugGame|HTML5.ActiveCfg = BuiltWithUnrealBuildTool|Win32
		{1ECB2AB3-CD99-4EC7-8054-7FCD0880AD1A}.DebugGame|IOS.ActiveCfg = BuiltWithUnrealBuildTool|Win32
		{1ECB2AB3-CD99-4EC7-8054-7FCD0880AD1A}.DebugGame|Win32.ActiveCfg = BuiltWithUnrealBuildTool|Win32
		{1ECB2AB3-CD99-4EC7-8054-7FCD0880AD1A}.DebugGame|Win64.ActiveCfg = BuiltWithUnrealBuildTool|Win32
		{1ECB2AB3-CD99-4EC7-8054-7FCD0880AD1A}.Development Editor|HTML5.ActiveCfg = BuiltWithUnrealBuildTool|Win32
		{1ECB2AB3-CD99-4EC7-8054-7FCD0880AD1A}.Development Editor|IOS.ActiveCfg = BuiltWithUnrealBuildTool|Win32
		{1ECB2AB3-CD99-4EC7-8054-7FCD0880AD1A}.Development Editor|Win32.ActiveCfg = BuiltWithUnrealBuildTool|Win32
		{1ECB2AB3-CD99-4EC7-8054-7FCD0880AD1A}.Development Editor|Win64.ActiveCfg = BuiltWithUnrealBuildTool|Win32
		{1ECB2AB3-CD99-4EC7-8054-7FCD0880AD1A}.Development|HTML5.ActiveCfg = BuiltWithUnrealBuildTool|Win32
		{1ECB2AB3-CD99-4EC7-8054-7FCD0880AD1A}.Development|IOS.ActiveCfg = BuiltWithUnrealBuildTool|Win32
		{1ECB2AB3-CD99-4EC7-8054-7FCD0880AD1A}.Development|Win32.ActiveCfg = BuiltWithUnrealBuildTool|Win32
		{1ECB2AB3-CD99-4EC7-8054-7FCD0880AD1A}.Development|Win64.ActiveCfg = BuiltWithUnrealBuildTool|Win32
		{1ECB2AB3-CD99-4EC7-8054-7FCD0880AD1A}.Shipping|HTML5.ActiveCfg = BuiltWithUnrealBuildTool|Win32
		{1ECB2AB3-CD99-4EC7-8054-7FCD0880AD1A}.Shipping|IOS.ActiveCfg = BuiltWithUnrealBuildTool|Win32
		{1ECB2AB3-CD99-4EC7-8054-7FCD0880AD1A}.Shipping|Win32.ActiveCfg = BuiltWithUnrealBuildTool|Win32
		{1ECB2AB3-CD99-4EC7-8054-7FCD0880AD1A}.Shipping|Win64.ActiveCfg = BuiltWithUnrealBuildTool|Win32
	EndGlobalSection
	GlobalSection(SolutionProperties) = preSolution
		HideSolutionNode = FALSE
	EndGlobalSection
	GlobalSection(NestedProjects) = preSolution
		{1ECB2AB3-CD99-4EC7-8054-7FCD0880AD1A} = {0F3B39BB-B551-4D9C-8AE1-53630A7DB94D}
		{E66DBBF7-29DE-40E0-B593-CB5C2B599837} = {6AC7B224-4D9B-4080-954C-78CB3B3C18D7}
	EndGlobalSection
EndGlobal
